
Microsoft Visual Studio Solution File, Format Version 12.00
# Visual Studio Version 17
VisualStudioVersion = 17.12.35707.178 d17.12
MinimumVisualStudioVersion = 10.0.40219.1
Project("{FAE04EC0-301F-11D3-BF4B-00C04F79EFBC}") = "Play.Identity.Service", "Play.Identity.Service\Play.Identity.Service.csproj", "{8DFAC517-BF25-4DC8-8CE7-19858346E260}"
EndProject
Project("{FAE04EC0-301F-11D3-BF4B-00C04F79EFBC}") = "Play.Identity.Contracts", "Play.Identity.Contracts\Play.Identity.Contracts.csproj", "{18E7EFB9-518D-4D43-AD19-1C4D667039AF}"
EndProject
Global
	GlobalSection(SolutionConfigurationPlatforms) = preSolution
		Debug|Any CPU = Debug|Any CPU
		Release|Any CPU = Release|Any CPU
	EndGlobalSection
	GlobalSection(ProjectConfigurationPlatforms) = postSolution
		{8DFAC517-BF25-4DC8-8CE7-19858346E260}.Debug|Any CPU.ActiveCfg = Debug|Any CPU
		{8DFAC517-BF25-4DC8-8CE7-19858346E260}.Debug|Any CPU.Build.0 = Debug|Any CPU
		{8DFAC517-BF25-4DC8-8CE7-19858346E260}.Release|Any CPU.ActiveCfg = Release|Any CPU
		{8DFAC517-BF25-4DC8-8CE7-19858346E260}.Release|Any CPU.Build.0 = Release|Any CPU
		{18E7EFB9-518D-4D43-AD19-1C4D667039AF}.Debug|Any CPU.ActiveCfg = Debug|Any CPU
		{18E7EFB9-518D-4D43-AD19-1C4D667039AF}.Debug|Any CPU.Build.0 = Debug|Any CPU
		{18E7EFB9-518D-4D43-AD19-1C4D667039AF}.Release|Any CPU.ActiveCfg = Release|Any CPU
		{18E7EFB9-518D-4D43-AD19-1C4D667039AF}.Release|Any CPU.Build.0 = Release|Any CPU
	EndGlobalSection
	GlobalSection(SolutionProperties) = preSolution
		HideSolutionNode = FALSE
	EndGlobalSection
EndGlobal
