
Microsoft Visual Studio Solution File, Format Version 12.00
# Visual Studio Version 17
VisualStudioVersion = 17.12.35707.178 d17.12
MinimumVisualStudioVersion = 10.0.40219.1
Project("{FAE04EC0-301F-11D3-BF4B-00C04F79EFBC}") = "Play.Inventory.Service", "Play.Inventory.Service\Play.Inventory.Service.csproj", "{3122C299-408F-4A28-8F4F-66B53CD4EA2A}"
EndProject
Project("{FAE04EC0-301F-11D3-BF4B-00C04F79EFBC}") = "Play.Inventory.Contracts", "Play.Inventory.Contracts\Play.Inventory.Contracts.csproj", "{A886B9D0-2155-475C-9881-BBE823F51DEC}"
EndProject
Global
	GlobalSection(SolutionConfigurationPlatforms) = preSolution
		Debug|Any CPU = Debug|Any CPU
		Release|Any CPU = Release|Any CPU
	EndGlobalSection
	GlobalSection(ProjectConfigurationPlatforms) = postSolution
		{3122C299-408F-4A28-8F4F-66B53CD4EA2A}.Debug|Any CPU.ActiveCfg = Debug|Any CPU
		{3122C299-408F-4A28-8F4F-66B53CD4EA2A}.Debug|Any CPU.Build.0 = Debug|Any CPU
		{3122C299-408F-4A28-8F4F-66B53CD4EA2A}.Release|Any CPU.ActiveCfg = Release|Any CPU
		{3122C299-408F-4A28-8F4F-66B53CD4EA2A}.Release|Any CPU.Build.0 = Release|Any CPU
		{A886B9D0-2155-475C-9881-BBE823F51DEC}.Debug|Any CPU.ActiveCfg = Debug|Any CPU
		{A886B9D0-2155-475C-9881-BBE823F51DEC}.Debug|Any CPU.Build.0 = Debug|Any CPU
		{A886B9D0-2155-475C-9881-BBE823F51DEC}.Release|Any CPU.ActiveCfg = Release|Any CPU
		{A886B9D0-2155-475C-9881-BBE823F51DEC}.Release|Any CPU.Build.0 = Release|Any CPU
	EndGlobalSection
	GlobalSection(SolutionProperties) = preSolution
		HideSolutionNode = FALSE
	EndGlobalSection
EndGlobal
